
Microsoft Visual Studio Solution File, Format Version 12.00
# Visual Studio Version 16
VisualStudioVersion = 16.0.30907.101
MinimumVisualStudioVersion = 15.0.26124.0
Project("{2150E333-8FDC-42A3-9474-1A3956D46DE8}") = "src", "src", "{DB69C8E1-7C2C-4B00-A3A8-D225E4BD4F81}"
EndProject
Project("{9A19103F-16F7-4668-BE54-9A1E7A4F7556}") = "NUnitTestGenerator", "src\NUnitTestGenerator\NUnitTestGenerator.csproj", "{C8FB559C-7150-417F-88B6-C082B924613D}"
EndProject
Project("{2150E333-8FDC-42A3-9474-1A3956D46DE8}") = "tests", "tests", "{1E91AF45-E15A-4486-8920-735BAE736E94}"
EndProject
Project("{9A19103F-16F7-4668-BE54-9A1E7A4F7556}") = "NUnitTestGenerator.Tests", "tests\NUnitTestGenerator.Tests\NUnitTestGenerator.Tests.csproj", "{F380BCDA-ED78-45E4-B171-7BD66123B2BB}"
EndProject
Project("{FAE04EC0-301F-11D3-BF4B-00C04F79EFBC}") = "Runner", "src\Runner\Runner.csproj", "{F849ECB9-1FC0-49C3-9E77-01EBCE3FE17B}"
EndProject
Global
	GlobalSection(SolutionConfigurationPlatforms) = preSolution
		Debug|Any CPU = Debug|Any CPU
		Debug|x64 = Debug|x64
		Debug|x86 = Debug|x86
		Release|Any CPU = Release|Any CPU
		Release|x64 = Release|x64
		Release|x86 = Release|x86
	EndGlobalSection
	GlobalSection(ProjectConfigurationPlatforms) = postSolution
		{C8FB559C-7150-417F-88B6-C082B924613D}.Debug|Any CPU.ActiveCfg = Debug|Any CPU
		{C8FB559C-7150-417F-88B6-C082B924613D}.Debug|Any CPU.Build.0 = Debug|Any CPU
		{C8FB559C-7150-417F-88B6-C082B924613D}.Debug|x64.ActiveCfg = Debug|Any CPU
		{C8FB559C-7150-417F-88B6-C082B924613D}.Debug|x64.Build.0 = Debug|Any CPU
		{C8FB559C-7150-417F-88B6-C082B924613D}.Debug|x86.ActiveCfg = Debug|Any CPU
		{C8FB559C-7150-417F-88B6-C082B924613D}.Debug|x86.Build.0 = Debug|Any CPU
		{C8FB559C-7150-417F-88B6-C082B924613D}.Release|Any CPU.ActiveCfg = Release|Any CPU
		{C8FB559C-7150-417F-88B6-C082B924613D}.Release|Any CPU.Build.0 = Release|Any CPU
		{C8FB559C-7150-417F-88B6-C082B924613D}.Release|x64.ActiveCfg = Release|Any CPU
		{C8FB559C-7150-417F-88B6-C082B924613D}.Release|x64.Build.0 = Release|Any CPU
		{C8FB559C-7150-417F-88B6-C082B924613D}.Release|x86.ActiveCfg = Release|Any CPU
		{C8FB559C-7150-417F-88B6-C082B924613D}.Release|x86.Build.0 = Release|Any CPU
		{F380BCDA-ED78-45E4-B171-7BD66123B2BB}.Debug|Any CPU.ActiveCfg = Debug|Any CPU
		{F380BCDA-ED78-45E4-B171-7BD66123B2BB}.Debug|Any CPU.Build.0 = Debug|Any CPU
		{F380BCDA-ED78-45E4-B171-7BD66123B2BB}.Debug|x64.ActiveCfg = Debug|Any CPU
		{F380BCDA-ED78-45E4-B171-7BD66123B2BB}.Debug|x64.Build.0 = Debug|Any CPU
		{F380BCDA-ED78-45E4-B171-7BD66123B2BB}.Debug|x86.ActiveCfg = Debug|Any CPU
		{F380BCDA-ED78-45E4-B171-7BD66123B2BB}.Debug|x86.Build.0 = Debug|Any CPU
		{F380BCDA-ED78-45E4-B171-7BD66123B2BB}.Release|Any CPU.ActiveCfg = Release|Any CPU
		{F380BCDA-ED78-45E4-B171-7BD66123B2BB}.Release|Any CPU.Build.0 = Release|Any CPU
		{F380BCDA-ED78-45E4-B171-7BD66123B2BB}.Release|x64.ActiveCfg = Release|Any CPU
		{F380BCDA-ED78-45E4-B171-7BD66123B2BB}.Release|x64.Build.0 = Release|Any CPU
		{F380BCDA-ED78-45E4-B171-7BD66123B2BB}.Release|x86.ActiveCfg = Release|Any CPU
		{F380BCDA-ED78-45E4-B171-7BD66123B2BB}.Release|x86.Build.0 = Release|Any CPU
		{F849ECB9-1FC0-49C3-9E77-01EBCE3FE17B}.Debug|Any CPU.ActiveCfg = Debug|Any CPU
		{F849ECB9-1FC0-49C3-9E77-01EBCE3FE17B}.Debug|Any CPU.Build.0 = Debug|Any CPU
		{F849ECB9-1FC0-49C3-9E77-01EBCE3FE17B}.Debug|x64.ActiveCfg = Debug|Any CPU
		{F849ECB9-1FC0-49C3-9E77-01EBCE3FE17B}.Debug|x64.Build.0 = Debug|Any CPU
		{F849ECB9-1FC0-49C3-9E77-01EBCE3FE17B}.Debug|x86.ActiveCfg = Debug|Any CPU
		{F849ECB9-1FC0-49C3-9E77-01EBCE3FE17B}.Debug|x86.Build.0 = Debug|Any CPU
		{F849ECB9-1FC0-49C3-9E77-01EBCE3FE17B}.Release|Any CPU.ActiveCfg = Release|Any CPU
		{F849ECB9-1FC0-49C3-9E77-01EBCE3FE17B}.Release|Any CPU.Build.0 = Release|Any CPU
		{F849ECB9-1FC0-49C3-9E77-01EBCE3FE17B}.Release|x64.ActiveCfg = Release|Any CPU
		{F849ECB9-1FC0-49C3-9E77-01EBCE3FE17B}.Release|x64.Build.0 = Release|Any CPU
		{F849ECB9-1FC0-49C3-9E77-01EBCE3FE17B}.Release|x86.ActiveCfg = Release|Any CPU
		{F849ECB9-1FC0-49C3-9E77-01EBCE3FE17B}.Release|x86.Build.0 = Release|Any CPU
	EndGlobalSection
	GlobalSection(SolutionProperties) = preSolution
		HideSolutionNode = FALSE
	EndGlobalSection
	GlobalSection(NestedProjects) = preSolution
		{C8FB559C-7150-417F-88B6-C082B924613D} = {DB69C8E1-7C2C-4B00-A3A8-D225E4BD4F81}
		{F380BCDA-ED78-45E4-B171-7BD66123B2BB} = {1E91AF45-E15A-4486-8920-735BAE736E94}
		{F849ECB9-1FC0-49C3-9E77-01EBCE3FE17B} = {DB69C8E1-7C2C-4B00-A3A8-D225E4BD4F81}
	EndGlobalSection
	GlobalSection(ExtensibilityGlobals) = postSolution
		SolutionGuid = {8A8A2C90-5C42-4202-9222-DCBCF6E5AB78}
	EndGlobalSection
EndGlobal
